
Microsoft Visual Studio Solution File, Format Version 12.00
# Visual Studio Version 16
VisualStudioVersion = 16.0.30204.135
MinimumVisualStudioVersion = 10.0.40219.1
Project("{FAE04EC0-301F-11D3-BF4B-00C04F79EFBC}") = "TaskSubscriber", "TaskSubscriber.csproj", "{EA73FAAA-754B-4CB1-B769-A60D8B447C8B}"
EndProject
Global
	GlobalSection(SolutionConfigurationPlatforms) = preSolution
		Debug|Any CPU = Debug|Any CPU
		Release|Any CPU = Release|Any CPU
	EndGlobalSection
	GlobalSection(ProjectConfigurationPlatforms) = postSolution
		{EA73FAAA-754B-4CB1-B769-A60D8B447C8B}.Debug|Any CPU.ActiveCfg = Debug|Any CPU
		{EA73FAAA-754B-4CB1-B769-A60D8B447C8B}.Debug|Any CPU.Build.0 = Debug|Any CPU
		{EA73FAAA-754B-4CB1-B769-A60D8B447C8B}.Release|Any CPU.ActiveCfg = Release|Any CPU
		{EA73FAAA-754B-4CB1-B769-A60D8B447C8B}.Release|Any CPU.Build.0 = Release|Any CPU
	EndGlobalSection
	GlobalSection(SolutionProperties) = preSolution
		HideSolutionNode = FALSE
	EndGlobalSection
	GlobalSection(ExtensibilityGlobals) = postSolution
		SolutionGuid = {019FB6F6-E3EF-40FD-9169-A513F8D76267}
	EndGlobalSection
EndGlobal
